[[tools.codex]]
version = "0.104.0"
backend = "aqua:openai/codex"
"platforms.linux-arm64" = { checksum = "sha256:38dd53c5d4984cf0f969ca032ae2abc3fba6a1695a8d62756382f90c020decbc", url = "https://github.com/openai/codex/releases/download/rust-v0.104.0/codex-aarch64-unknown-linux-musl.zst"}
"platforms.linux-x64" = { checksum = "sha256:37c6530d7beb6c4a0aaa8655e76782f39c0d6c35653b8bb8e25f22c45beae44c", url = "https://github.com/openai/codex/releases/download/rust-v0.104.0/codex-x86_64-unknown-linux-musl.zst"}
"platforms.macos-arm64" = { checksum = "sha256:72683d2240c2a1a70e24948232c67c430cf83335966d6357c2833f926fc5115f", url = "https://github.com/openai/codex/releases/download/rust-v0.104.0/codex-aarch64-apple-darwin.zst"}
"platforms.macos-x64" = { checksum = "sha256:47c3a3b43c09e8ee1dbcb425c90a59f7b95f93edaa5aa357de7c2b276ef60605", url = "https://github.com/openai/codex/releases/download/rust-v0.104.0/codex-x86_64-apple-darwin.zst"}
"platforms.windows-x64" = { checksum = "sha256:75ecabd51d77ec65d1bbc64aa3d294a4672d3544de4302878056b77ef704d4c6", url = "https://github.com/openai/codex/releases/download/rust-v0.104.0/codex-x86_64-pc-windows-msvc.exe.zst"}

[[tools.flutter]]
version = "3.41.2-stable"
backend = "asdf:flutter"

[[tools.helix]]
version = "25.07.1"
backend = "aqua:helix-editor/helix"
"platforms.linux-arm64" = { checksum = "sha256:ce23fa8d395e633e3e54c052012f11965d91d8d5c2bfa659685f50430b4f8175", url = "https://github.com/helix-editor/helix/releases/download/25.07.1/helix-25.07.1-aarch64-linux.tar.xz"}
"platforms.linux-x64" = { checksum = "sha256:3f08e63ecd388fff657ad39722f88bb03dcf326f1f2da2700d99e1dc40ab2e8b", url = "https://github.com/helix-editor/helix/releases/download/25.07.1/helix-25.07.1-x86_64-linux.tar.xz"}
"platforms.macos-arm64" = { checksum = "sha256:00b1651b4fdbbe0a2ae981c8e76b858bd26a7c33f5b3583f3b6bb9137d54f1ff", url = "https://github.com/helix-editor/helix/releases/download/25.07.1/helix-25.07.1-aarch64-macos.tar.xz"}
"platforms.macos-x64" = { checksum = "sha256:84dc32d617d28d32f4aa21e3aafac47bd715d1154aeb977697d4d60b887b7103", url = "https://github.com/helix-editor/helix/releases/download/25.07.1/helix-25.07.1-x86_64-macos.tar.xz"}
"platforms.windows-x64" = { checksum = "sha256:5c8325ced8bacd8418d62706f669e96d9c3578a9237526e34d546900cbc049b6", url = "https://github.com/helix-editor/helix/releases/download/25.07.1/helix-25.07.1-x86_64-windows.zip"}

[[tools.jj]]
version = "0.38.0"
backend = "aqua:jj-vcs/jj"
"platforms.linux-arm64" = { checksum = "sha256:bae97959e06d92b79d96b09a90545e157ef0f300a0482d9b9a81128610e896aa", url = "https://github.com/jj-vcs/jj/releases/download/v0.38.0/jj-v0.38.0-aarch64-unknown-linux-musl.tar.gz"}
"platforms.linux-x64" = { checksum = "sha256:ed830d9a34a304f8ba258806b52521250a9fffded32ae89c4eb5285b33556a17", url = "https://github.com/jj-vcs/jj/releases/download/v0.38.0/jj-v0.38.0-x86_64-unknown-linux-musl.tar.gz"}
"platforms.macos-arm64" = { checksum = "sha256:a1e6d3d3818ab26652631964db4344288a6fe0dc4c077bdb366ff184aa1d8f27", url = "https://github.com/jj-vcs/jj/releases/download/v0.38.0/jj-v0.38.0-aarch64-apple-darwin.tar.gz"}
"platforms.macos-x64" = { checksum = "sha256:09b81d1c35522b41f126dd509515203a2def329ef46207e95460c1896e18d181", url = "https://github.com/jj-vcs/jj/releases/download/v0.38.0/jj-v0.38.0-x86_64-apple-darwin.tar.gz"}
"platforms.windows-x64" = { checksum = "sha256:13032f82286a0b224f9ce6f1e466a2323bee3af2efba423e35b4146975445e14", url = "https://github.com/jj-vcs/jj/releases/download/v0.38.0/jj-v0.38.0-x86_64-pc-windows-msvc.zip"}
